
Microsoft Visual Studio Solution File, Format Version 12.00
# Visual Studio Version 16
VisualStudioVersion = 16.0.31019.35
MinimumVisualStudioVersion = 10.0.40219.1
Project("{FAE04EC0-301F-11D3-BF4B-00C04F79EFBC}") = "ISkillProject", "ISkillProject\ISkillProject.csproj", "{87CE00D8-8B46-42EF-A081-1DA42CE9DD0B}"
EndProject
Global
	GlobalSection(SolutionConfigurationPlatforms) = preSolution
		Debug|Any CPU = Debug|Any CPU
		Release|Any CPU = Release|Any CPU
	EndGlobalSection
	GlobalSection(ProjectConfigurationPlatforms) = postSolution
		{87CE00D8-8B46-42EF-A081-1DA42CE9DD0B}.Debug|Any CPU.ActiveCfg = Debug|Any CPU
		{87CE00D8-8B46-42EF-A081-1DA42CE9DD0B}.Debug|Any CPU.Build.0 = Debug|Any CPU
		{87CE00D8-8B46-42EF-A081-1DA42CE9DD0B}.Release|Any CPU.ActiveCfg = Release|Any CPU
		{87CE00D8-8B46-42EF-A081-1DA42CE9DD0B}.Release|Any CPU.Build.0 = Release|Any CPU
	EndGlobalSection
	GlobalSection(SolutionProperties) = preSolution
		HideSolutionNode = FALSE
	EndGlobalSection
	GlobalSection(ExtensibilityGlobals) = postSolution
		SolutionGuid = {652316C3-BBA5-4615-8B7C-81DB0BB6F838}
	EndGlobalSection
EndGlobal
